// !$*UTF8*$!
{
	archiveVersion = 1;
	classes = {
	};
	objectVersion = 50;
	objects = {

/* Begin PBXBuildFile section */
		001BFBFB2D8C17BC004B643F /* SectionDescription.swift in Sources */ = {isa = PBXBuildFile; fileRef = 001BFBFA2D8C17BC004B643F /* SectionDescription.swift */; };
		0061290C2D91419E00ED605D /* ProfileItem.swift in Sources */ = {isa = PBXBuildFile; fileRef = 0061290B2D91419E00ED605D /* ProfileItem.swift */; };
		007A8D872D89686F00C25D79 /* ExhibitionItem.swift in Sources */ = {isa = PBXBuildFile; fileRef = 007A8D862D89686F00C25D79 /* ExhibitionItem.swift */; };
		007A8D892D896A9900C25D79 /* NormalButton.swift in Sources */ = {isa = PBXBuildFile; fileRef = 007A8D882D896A9900C25D79 /* NormalButton.swift */; };
		00AAC6C52D89511800E8161C /* FeaturedItem.swift in Sources */ = {isa = PBXBuildFile; fileRef = 00AAC6C42D89511800E8161C /* FeaturedItem.swift */; };
		00B1F3DC2D75CDB800327044 /* GetStartedScreen.swift in Sources */ = {isa = PBXBuildFile; fileRef = 00B1F3DB2D75CDB800327044 /* GetStartedScreen.swift */; };
		00CD25322D76F353002CF7DB /* ExistingAccountComponent.swift in Sources */ = {isa = PBXBuildFile; fileRef = 00CD25312D76F353002CF7DB /* ExistingAccountComponent.swift */; };
		00CD25342D76F414002CF7DB /* FilledButton.swift in Sources */ = {isa = PBXBuildFile; fileRef = 00CD25332D76F414002CF7DB /* FilledButton.swift */; };
		00CD25362D76F512002CF7DB /* OutlinedButton.swift in Sources */ = {isa = PBXBuildFile; fileRef = 00CD25352D76F512002CF7DB /* OutlinedButton.swift */; };
		00CD25382D76FCC5002CF7DB /* LoginScreen.swift in Sources */ = {isa = PBXBuildFile; fileRef = 00CD25372D76FCC5002CF7DB /* LoginScreen.swift */; };
		00CD253A2D76FD8F002CF7DB /* LoginComponent.swift in Sources */ = {isa = PBXBuildFile; fileRef = 00CD25392D76FD8F002CF7DB /* LoginComponent.swift */; };
		00CE1D962D7ADEC6003A2065 /* OutlinedInputField.swift in Sources */ = {isa = PBXBuildFile; fileRef = 00CE1D952D7ADEC6003A2065 /* OutlinedInputField.swift */; };
		00CF20D12D7EC4FB006253BA /* HomeScreen.swift in Sources */ = {isa = PBXBuildFile; fileRef = 00CF20D02D7EC4FB006253BA /* HomeScreen.swift */; };
		00CF20D92D7EC5D6006253BA /* ShopScreen.swift in Sources */ = {isa = PBXBuildFile; fileRef = 00CF20D82D7EC5D6006253BA /* ShopScreen.swift */; };
		00CF20DB2D7EC5F4006253BA /* FavoriteScreen.swift in Sources */ = {isa = PBXBuildFile; fileRef = 00CF20DA2D7EC5F4006253BA /* FavoriteScreen.swift */; };
		00CF20DD2D7EC605006253BA /* ProfileScreen.swift in Sources */ = {isa = PBXBuildFile; fileRef = 00CF20DC2D7EC605006253BA /* ProfileScreen.swift */; };
		00CF20DF2D7EC614006253BA /* TabScreen.swift in Sources */ = {isa = PBXBuildFile; fileRef = 00CF20DE2D7EC614006253BA /* TabScreen.swift */; };
		00F522442D6F13020003E3F9 /* LandingScreen.swift in Sources */ = {isa = PBXBuildFile; fileRef = 00F522432D6F13020003E3F9 /* LandingScreen.swift */; };
		00F522462D6F13D60003E3F9 /* LandingItem.swift in Sources */ = {isa = PBXBuildFile; fileRef = 00F522452D6F13D60003E3F9 /* LandingItem.swift */; };
		00F522492D6F14D90003E3F9 /* Constants.swift in Sources */ = {isa = PBXBuildFile; fileRef = 00F522482D6F14D90003E3F9 /* Constants.swift */; };
		00FEE2372D758AA400BEBC5F /* Poppins-Regular.ttf in Resources */ = {isa = PBXBuildFile; fileRef = 00FEE2362D758AA400BEBC5F /* Poppins-Regular.ttf */; };
		00FEE2392D758AB000BEBC5F /* Poppins-Medium.ttf in Resources */ = {isa = PBXBuildFile; fileRef = 00FEE2382D758AB000BEBC5F /* Poppins-Medium.ttf */; };
		00FEE23B2D758ABD00BEBC5F /* Poppins-Bold.ttf in Resources */ = {isa = PBXBuildFile; fileRef = 00FEE23A2D758ABC00BEBC5F /* Poppins-Bold.ttf */; };
		058557BB273AAA24004C7B11 /* Assets.xcassets in Resources */ = {isa = PBXBuildFile; fileRef = 058557BA273AAA24004C7B11 /* Assets.xcassets */; };
		058557D9273AAEEB004C7B11 /* Preview Assets.xcassets in Resources */ = {isa = PBXBuildFile; fileRef = 058557D8273AAEEB004C7B11 /* Preview Assets.xcassets */; };
		2152FB042600AC8F00CF470E /* iOSApp.swift in Sources */ = {isa = PBXBuildFile; fileRef = 2152FB032600AC8F00CF470E /* iOSApp.swift */; };
		7555FF83242A565900829871 /* ContentView.swift in Sources */ = {isa = PBXBuildFile; fileRef = 7555FF82242A565900829871 /* ContentView.swift */; };
		7EF8E2DE13E0476BB5151150 /* Pods_iosApp.framework in Frameworks */ = {isa = PBXBuildFile; fileRef = 1642422B2DA25DF6336A2C8F /* Pods_iosApp.framework */; };
/* End PBXBuildFile section */

/* Begin PBXFileReference section */
		001BFBFA2D8C17BC004B643F /* SectionDescription.swift */ = {isa = PBXFileReference; lastKnownFileType = sourcecode.swift; path = SectionDescription.swift; sourceTree = "<group>"; };
		0061290B2D91419E00ED605D /* ProfileItem.swift */ = {isa = PBXFileReference; lastKnownFileType = sourcecode.swift; path = ProfileItem.swift; sourceTree = "<group>"; };
		007A8D862D89686F00C25D79 /* ExhibitionItem.swift */ = {isa = PBXFileReference; lastKnownFileType = sourcecode.swift; path = ExhibitionItem.swift; sourceTree = "<group>"; };
		007A8D882D896A9900C25D79 /* NormalButton.swift */ = {isa = PBXFileReference; lastKnownFileType = sourcecode.swift; path = NormalButton.swift; sourceTree = "<group>"; };
		00AAC6C42D89511800E8161C /* FeaturedItem.swift */ = {isa = PBXFileReference; lastKnownFileType = sourcecode.swift; path = FeaturedItem.swift; sourceTree = "<group>"; };
		00B1F3DB2D75CDB800327044 /* GetStartedScreen.swift */ = {isa = PBXFileReference; lastKnownFileType = sourcecode.swift; path = GetStartedScreen.swift; sourceTree = "<group>"; };
		00CD25312D76F353002CF7DB /* ExistingAccountComponent.swift */ = {isa = PBXFileReference; lastKnownFileType = sourcecode.swift; path = ExistingAccountComponent.swift; sourceTree = "<group>"; };
		00CD25332D76F414002CF7DB /* FilledButton.swift */ = {isa = PBXFileReference; lastKnownFileType = sourcecode.swift; path = FilledButton.swift; sourceTree = "<group>"; };
		00CD25352D76F512002CF7DB /* OutlinedButton.swift */ = {isa = PBXFileReference; lastKnownFileType = sourcecode.swift; path = OutlinedButton.swift; sourceTree = "<group>"; };
		00CD25372D76FCC5002CF7DB /* LoginScreen.swift */ = {isa = PBXFileReference; lastKnownFileType = sourcecode.swift; path = LoginScreen.swift; sourceTree = "<group>"; };
		00CD25392D76FD8F002CF7DB /* LoginComponent.swift */ = {isa = PBXFileReference; lastKnownFileType = sourcecode.swift; path = LoginComponent.swift; sourceTree = "<group>"; };
		00CE1D952D7ADEC6003A2065 /* OutlinedInputField.swift */ = {isa = PBXFileReference; lastKnownFileType = sourcecode.swift; path = OutlinedInputField.swift; sourceTree = "<group>"; };
		00CF20D02D7EC4FB006253BA /* HomeScreen.swift */ = {isa = PBXFileReference; lastKnownFileType = sourcecode.swift; path = HomeScreen.swift; sourceTree = "<group>"; };
		00CF20D82D7EC5D6006253BA /* ShopScreen.swift */ = {isa = PBXFileReference; lastKnownFileType = sourcecode.swift; path = ShopScreen.swift; sourceTree = "<group>"; };
		00CF20DA2D7EC5F4006253BA /* FavoriteScreen.swift */ = {isa = PBXFileReference; lastKnownFileType = sourcecode.swift; path = FavoriteScreen.swift; sourceTree = "<group>"; };
		00CF20DC2D7EC605006253BA /* ProfileScreen.swift */ = {isa = PBXFileReference; lastKnownFileType = sourcecode.swift; path = ProfileScreen.swift; sourceTree = "<group>"; };
		00CF20DE2D7EC614006253BA /* TabScreen.swift */ = {isa = PBXFileReference; lastKnownFileType = sourcecode.swift; path = TabScreen.swift; sourceTree = "<group>"; };
		00F522432D6F13020003E3F9 /* LandingScreen.swift */ = {isa = PBXFileReference; lastKnownFileType = sourcecode.swift; path = LandingScreen.swift; sourceTree = "<group>"; };
		00F522452D6F13D60003E3F9 /* LandingItem.swift */ = {isa = PBXFileReference; lastKnownFileType = sourcecode.swift; path = LandingItem.swift; sourceTree = "<group>"; };
		00F522482D6F14D90003E3F9 /* Constants.swift */ = {isa = PBXFileReference; lastKnownFileType = sourcecode.swift; path = Constants.swift; sourceTree = "<group>"; };
		00FEE2362D758AA400BEBC5F /* Poppins-Regular.ttf */ = {isa = PBXFileReference; lastKnownFileType = file; path = "Poppins-Regular.ttf"; sourceTree = "<group>"; };
		00FEE2382D758AB000BEBC5F /* Poppins-Medium.ttf */ = {isa = PBXFileReference; lastKnownFileType = file; path = "Poppins-Medium.ttf"; sourceTree = "<group>"; };
		00FEE23A2D758ABC00BEBC5F /* Poppins-Bold.ttf */ = {isa = PBXFileReference; lastKnownFileType = file; path = "Poppins-Bold.ttf"; sourceTree = "<group>"; };
		058557BA273AAA24004C7B11 /* Assets.xcassets */ = {isa = PBXFileReference; lastKnownFileType = folder.assetcatalog; path = Assets.xcassets; sourceTree = "<group>"; };
		058557D8273AAEEB004C7B11 /* Preview Assets.xcassets */ = {isa = PBXFileReference; lastKnownFileType = folder.assetcatalog; path = "Preview Assets.xcassets"; sourceTree = "<group>"; };
		1642422B2DA25DF6336A2C8F /* Pods_iosApp.framework */ = {isa = PBXFileReference; explicitFileType = wrapper.framework; includeInIndex = 0; path = Pods_iosApp.framework; sourceTree = BUILT_PRODUCTS_DIR; };
		2152FB032600AC8F00CF470E /* iOSApp.swift */ = {isa = PBXFileReference; lastKnownFileType = sourcecode.swift; path = iOSApp.swift; sourceTree = "<group>"; };
		459DA1C3E4339F824582B9DC /* Pods-iosApp.release.xcconfig */ = {isa = PBXFileReference; includeInIndex = 1; lastKnownFileType = text.xcconfig; name = "Pods-iosApp.release.xcconfig"; path = "Target Support Files/Pods-iosApp/Pods-iosApp.release.xcconfig"; sourceTree = "<group>"; };
		53E083442FB459F30F6D46C2 /* Pods-iosApp.debug.xcconfig */ = {isa = PBXFileReference; includeInIndex = 1; lastKnownFileType = text.xcconfig; name = "Pods-iosApp.debug.xcconfig"; path = "Target Support Files/Pods-iosApp/Pods-iosApp.debug.xcconfig"; sourceTree = "<group>"; };
		7555FF7B242A565900829871 /* iosApp.app */ = {isa = PBXFileReference; explicitFileType = wrapper.application; includeInIndex = 0; path = iosApp.app; sourceTree = BUILT_PRODUCTS_DIR; };
		7555FF82242A565900829871 /* ContentView.swift */ = {isa = PBXFileReference; lastKnownFileType = sourcecode.swift; path = ContentView.swift; sourceTree = "<group>"; };
		7555FF8C242A565B00829871 /* Info.plist */ = {isa = PBXFileReference; lastKnownFileType = text.plist.xml; path = Info.plist; sourceTree = "<group>"; };
/* End PBXFileReference section */

/* Begin PBXFrameworksBuildPhase section */
		2AB72076104336FD8A4219E5 /* Frameworks */ = {
			isa = PBXFrameworksBuildPhase;
			buildActionMask = 2147483647;
			files = (
				7EF8E2DE13E0476BB5151150 /* Pods_iosApp.framework in Frameworks */,
			);
			runOnlyForDeploymentPostprocessing = 0;
		};
/* End PBXFrameworksBuildPhase section */

/* Begin PBXGroup section */
		00CF20D22D7EC588006253BA /* home */ = {
			isa = PBXGroup;
			children = (
				00CF20D02D7EC4FB006253BA /* HomeScreen.swift */,
			);
			path = home;
			sourceTree = "<group>";
		};
		00CF20D32D7EC591006253BA /* favorite */ = {
			isa = PBXGroup;
			children = (
				00CF20DA2D7EC5F4006253BA /* FavoriteScreen.swift */,
			);
			path = favorite;
			sourceTree = "<group>";
		};
		00CF20D42D7EC59A006253BA /* shop */ = {
			isa = PBXGroup;
			children = (
				00CF20D82D7EC5D6006253BA /* ShopScreen.swift */,
			);
			path = shop;
			sourceTree = "<group>";
		};
		00CF20D52D7EC5A4006253BA /* profile */ = {
			isa = PBXGroup;
			children = (
				00CF20DC2D7EC605006253BA /* ProfileScreen.swift */,
			);
			path = profile;
			sourceTree = "<group>";
		};
		00F5223E2D6F12C00003E3F9 /* ui */ = {
			isa = PBXGroup;
			children = (
				00F522472D6F14C80003E3F9 /* support */,
				00F522422D6F12EB0003E3F9 /* login */,
				00F522412D6F12E20003E3F9 /* home */,
				00F5223F2D6F12C70003E3F9 /* components */,
			);
			path = ui;
			sourceTree = "<group>";
		};
		00F5223F2D6F12C70003E3F9 /* components */ = {
			isa = PBXGroup;
			children = (
				00F522452D6F13D60003E3F9 /* LandingItem.swift */,
				00CD25312D76F353002CF7DB /* ExistingAccountComponent.swift */,
				00CD25332D76F414002CF7DB /* FilledButton.swift */,
				00CD25352D76F512002CF7DB /* OutlinedButton.swift */,
				00CD25392D76FD8F002CF7DB /* LoginComponent.swift */,
				00CE1D952D7ADEC6003A2065 /* OutlinedInputField.swift */,
				00AAC6C42D89511800E8161C /* FeaturedItem.swift */,
				007A8D862D89686F00C25D79 /* ExhibitionItem.swift */,
				007A8D882D896A9900C25D79 /* NormalButton.swift */,
				001BFBFA2D8C17BC004B643F /* SectionDescription.swift */,
				0061290B2D91419E00ED605D /* ProfileItem.swift */,
			);
			path = components;
			sourceTree = "<group>";
		};
		00F522412D6F12E20003E3F9 /* home */ = {
			isa = PBXGroup;
			children = (
				00CF20D52D7EC5A4006253BA /* profile */,
				00CF20D42D7EC59A006253BA /* shop */,
				00CF20D32D7EC591006253BA /* favorite */,
				00CF20D22D7EC588006253BA /* home */,
				00CF20DE2D7EC614006253BA /* TabScreen.swift */,
			);
			path = home;
			sourceTree = "<group>";
		};
		00F522422D6F12EB0003E3F9 /* login */ = {
			isa = PBXGroup;
			children = (
				00F522432D6F13020003E3F9 /* LandingScreen.swift */,
				00B1F3DB2D75CDB800327044 /* GetStartedScreen.swift */,
				00CD25372D76FCC5002CF7DB /* LoginScreen.swift */,
			);
			path = login;
			sourceTree = "<group>";
		};
		00F522472D6F14C80003E3F9 /* support */ = {
			isa = PBXGroup;
			children = (
				00F522482D6F14D90003E3F9 /* Constants.swift */,
			);
			path = support;
			sourceTree = "<group>";
		};
		00FEE2352D758A9000BEBC5F /* fonts */ = {
			isa = PBXGroup;
			children = (
				00FEE23A2D758ABC00BEBC5F /* Poppins-Bold.ttf */,
				00FEE2382D758AB000BEBC5F /* Poppins-Medium.ttf */,
				00FEE2362D758AA400BEBC5F /* Poppins-Regular.ttf */,
			);
			path = fonts;
			sourceTree = "<group>";
		};
		03A21B4F61CFA640DE3BD293 /* Frameworks */ = {
			isa = PBXGroup;
			children = (
				1642422B2DA25DF6336A2C8F /* Pods_iosApp.framework */,
			);
			name = Frameworks;
			sourceTree = "<group>";
		};
		058557D7273AAEEB004C7B11 /* Preview Content */ = {
			isa = PBXGroup;
			children = (
				058557D8273AAEEB004C7B11 /* Preview Assets.xcassets */,
			);
			path = "Preview Content";
			sourceTree = "<group>";
		};
		7555FF72242A565900829871 = {
			isa = PBXGroup;
			children = (
				7555FF7D242A565900829871 /* iosApp */,
				7555FF7C242A565900829871 /* Products */,
				B0511EC33D0F6CFB7EB24E05 /* Pods */,
				03A21B4F61CFA640DE3BD293 /* Frameworks */,
			);
			sourceTree = "<group>";
		};
		7555FF7C242A565900829871 /* Products */ = {
			isa = PBXGroup;
			children = (
				7555FF7B242A565900829871 /* iosApp.app */,
			);
			name = Products;
			sourceTree = "<group>";
		};
		7555FF7D242A565900829871 /* iosApp */ = {
			isa = PBXGroup;
			children = (
				00FEE2352D758A9000BEBC5F /* fonts */,
				058557BA273AAA24004C7B11 /* Assets.xcassets */,
				00F5223E2D6F12C00003E3F9 /* ui */,
				7555FF82242A565900829871 /* ContentView.swift */,
				7555FF8C242A565B00829871 /* Info.plist */,
				2152FB032600AC8F00CF470E /* iOSApp.swift */,
				058557D7273AAEEB004C7B11 /* Preview Content */,
			);
			path = iosApp;
			sourceTree = "<group>";
		};
		B0511EC33D0F6CFB7EB24E05 /* Pods */ = {
			isa = PBXGroup;
			children = (
				53E083442FB459F30F6D46C2 /* Pods-iosApp.debug.xcconfig */,
				459DA1C3E4339F824582B9DC /* Pods-iosApp.release.xcconfig */,
			);
			path = Pods;
			sourceTree = "<group>";
		};
/* End PBXGroup section */

/* Begin PBXNativeTarget section */
		7555FF7A242A565900829871 /* iosApp */ = {
			isa = PBXNativeTarget;
			buildConfigurationList = 7555FFA5242A565B00829871 /* Build configuration list for PBXNativeTarget "iosApp" */;
			buildPhases = (
				ED9A29FA0186BA32D3B8A481 /* [CP] Check Pods Manifest.lock */,
				7555FF77242A565900829871 /* Sources */,
				7555FF79242A565900829871 /* Resources */,
				2AB72076104336FD8A4219E5 /* Frameworks */,
			);
			buildRules = (
			);
			dependencies = (
			);
			name = iosApp;
			productName = iosApp;
			productReference = 7555FF7B242A565900829871 /* iosApp.app */;
			productType = "com.apple.product-type.application";
		};
/* End PBXNativeTarget section */

/* Begin PBXProject section */
		7555FF73242A565900829871 /* Project object */ = {
			isa = PBXProject;
			attributes = {
				LastSwiftUpdateCheck = 1130;
				LastUpgradeCheck = 1130;
				ORGANIZATIONNAME = orgName;
				TargetAttributes = {
					7555FF7A242A565900829871 = {
						CreatedOnToolsVersion = 11.3.1;
					};
				};
			};
			buildConfigurationList = 7555FF76242A565900829871 /* Build configuration list for PBXProject "iosApp" */;
			compatibilityVersion = "Xcode 9.3";
			developmentRegion = en;
			hasScannedForEncodings = 0;
			knownRegions = (
				en,
				Base,
			);
			mainGroup = 7555FF72242A565900829871;
			productRefGroup = 7555FF7C242A565900829871 /* Products */;
			projectDirPath = "";
			projectRoot = "";
			targets = (
				7555FF7A242A565900829871 /* iosApp */,
			);
		};
/* End PBXProject section */

/* Begin PBXResourcesBuildPhase section */
		7555FF79242A565900829871 /* Resources */ = {
			isa = PBXResourcesBuildPhase;
			buildActionMask = 2147483647;
			files = (
				00FEE2372D758AA400BEBC5F /* Poppins-Regular.ttf in Resources */,
				00FEE2392D758AB000BEBC5F /* Poppins-Medium.ttf in Resources */,
				00FEE23B2D758ABD00BEBC5F /* Poppins-Bold.ttf in Resources */,
				058557D9273AAEEB004C7B11 /* Preview Assets.xcassets in Resources */,
				058557BB273AAA24004C7B11 /* Assets.xcassets in Resources */,
			);
			runOnlyForDeploymentPostprocessing = 0;
		};
/* End PBXResourcesBuildPhase section */

/* Begin PBXShellScriptBuildPhase section */
		ED9A29FA0186BA32D3B8A481 /* [CP] Check Pods Manifest.lock */ = {
			isa = PBXShellScriptBuildPhase;
			buildActionMask = 2147483647;
			files = (
			);
			inputFileListPaths = (
			);
			inputPaths = (
				"${PODS_PODFILE_DIR_PATH}/Podfile.lock",
				"${PODS_ROOT}/Manifest.lock",
			);
			name = "[CP] Check Pods Manifest.lock";
			outputFileListPaths = (
			);
			outputPaths = (
				"$(DERIVED_FILE_DIR)/Pods-iosApp-checkManifestLockResult.txt",
			);
			runOnlyForDeploymentPostprocessing = 0;
			shellPath = /bin/sh;
			shellScript = "diff \"${PODS_PODFILE_DIR_PATH}/Podfile.lock\" \"${PODS_ROOT}/Manifest.lock\" > /dev/null\nif [ $? != 0 ] ; then\n    # print error to STDERR\n    echo \"error: The sandbox is not in sync with the Podfile.lock. Run 'pod install' or update your CocoaPods installation.\" >&2\n    exit 1\nfi\n# This output is used by Xcode 'outputs' to avoid re-running this script phase.\necho \"SUCCESS\" > \"${SCRIPT_OUTPUT_FILE_0}\"\n";
			showEnvVarsInLog = 0;
		};
/* End PBXShellScriptBuildPhase section */

/* Begin PBXSourcesBuildPhase section */
		7555FF77242A565900829871 /* Sources */ = {
			isa = PBXSourcesBuildPhase;
			buildActionMask = 2147483647;
			files = (
				00F522492D6F14D90003E3F9 /* Constants.swift in Sources */,
				007A8D872D89686F00C25D79 /* ExhibitionItem.swift in Sources */,
				00F522462D6F13D60003E3F9 /* LandingItem.swift in Sources */,
				00CD25342D76F414002CF7DB /* FilledButton.swift in Sources */,
				00B1F3DC2D75CDB800327044 /* GetStartedScreen.swift in Sources */,
				2152FB042600AC8F00CF470E /* iOSApp.swift in Sources */,
				00CD253A2D76FD8F002CF7DB /* LoginComponent.swift in Sources */,
				00CF20D92D7EC5D6006253BA /* ShopScreen.swift in Sources */,
				00CF20D12D7EC4FB006253BA /* HomeScreen.swift in Sources */,
				00CD25362D76F512002CF7DB /* OutlinedButton.swift in Sources */,
				00CF20DB2D7EC5F4006253BA /* FavoriteScreen.swift in Sources */,
				001BFBFB2D8C17BC004B643F /* SectionDescription.swift in Sources */,
				0061290C2D91419E00ED605D /* ProfileItem.swift in Sources */,
				00F522442D6F13020003E3F9 /* LandingScreen.swift in Sources */,
				00CD25322D76F353002CF7DB /* ExistingAccountComponent.swift in Sources */,
				7555FF83242A565900829871 /* ContentView.swift in Sources */,
				007A8D892D896A9900C25D79 /* NormalButton.swift in Sources */,
				00CD25382D76FCC5002CF7DB /* LoginScreen.swift in Sources */,
				00AAC6C52D89511800E8161C /* FeaturedItem.swift in Sources */,
				00CE1D962D7ADEC6003A2065 /* OutlinedInputField.swift in Sources */,
				00CF20DD2D7EC605006253BA /* ProfileScreen.swift in Sources */,
				00CF20DF2D7EC614006253BA /* TabScreen.swift in Sources */,
			);
			runOnlyForDeploymentPostprocessing = 0;
		};
/* End PBXSourcesBuildPhase section */

/* Begin XCBuildConfiguration section */
		7555FFA3242A565B00829871 /* Debug */ = {
			isa = XCBuildConfiguration;
			buildSettings = {
				ALWAYS_SEARCH_USER_PATHS = NO;
				CLANG_ANALYZER_NONNULL = YES;
				CLANG_ANALYZER_NUMBER_OBJECT_CONVERSION = YES_AGGRESSIVE;
				CLANG_CXX_LANGUAGE_STANDARD = "gnu++14";
				CLANG_CXX_LIBRARY = "libc++";
				CLANG_ENABLE_MODULES = YES;
				CLANG_ENABLE_OBJC_ARC = YES;
				CLANG_ENABLE_OBJC_WEAK = YES;
				CLANG_WARN_BLOCK_CAPTURE_AUTORELEASING = YES;
				CLANG_WARN_BOOL_CONVERSION = YES;
				CLANG_WARN_COMMA = YES;
				CLANG_WARN_CONSTANT_CONVERSION = YES;
				CLANG_WARN_DEPRECATED_OBJC_IMPLEMENTATIONS = YES;
				CLANG_WARN_DIRECT_OBJC_ISA_USAGE = YES_ERROR;
				CLANG_WARN_DOCUMENTATION_COMMENTS = YES;
				CLANG_WARN_EMPTY_BODY = YES;
				CLANG_WARN_ENUM_CONVERSION = YES;
				CLANG_WARN_INFINITE_RECURSION = YES;
				CLANG_WARN_INT_CONVERSION = YES;
				CLANG_WARN_NON_LITERAL_NULL_CONVERSION = YES;
				CLANG_WARN_OBJC_IMPLICIT_RETAIN_SELF = YES;
				CLANG_WARN_OBJC_LITERAL_CONVERSION = YES;
				CLANG_WARN_OBJC_ROOT_CLASS = YES_ERROR;
				CLANG_WARN_QUOTED_INCLUDE_IN_FRAMEWORK_HEADER = YES;
				CLANG_WARN_RANGE_LOOP_ANALYSIS = YES;
				CLANG_WARN_STRICT_PROTOTYPES = YES;
				CLANG_WARN_SUSPICIOUS_MOVE = YES;
				CLANG_WARN_UNGUARDED_AVAILABILITY = YES_AGGRESSIVE;
				CLANG_WARN_UNREACHABLE_CODE = YES;
				CLANG_WARN__DUPLICATE_METHOD_MATCH = YES;
				COPY_PHASE_STRIP = NO;
				DEBUG_INFORMATION_FORMAT = "dwarf-with-dsym";
				ENABLE_STRICT_OBJC_MSGSEND = YES;
				ENABLE_TESTABILITY = YES;
				GCC_C_LANGUAGE_STANDARD = gnu11;
				GCC_DYNAMIC_NO_PIC = NO;
				GCC_NO_COMMON_BLOCKS = YES;
				GCC_OPTIMIZATION_LEVEL = 0;
				GCC_PREPROCESSOR_DEFINITIONS = (
					"DEBUG=1",
					"$(inherited)",
				);
				GCC_WARN_64_TO_32_BIT_CONVERSION = YES;
				GCC_WARN_ABOUT_RETURN_TYPE = YES_ERROR;
				GCC_WARN_UNDECLARED_SELECTOR = YES;
				GCC_WARN_UNINITIALIZED_AUTOS = YES_AGGRESSIVE;
				GCC_WARN_UNUSED_FUNCTION = YES;
				GCC_WARN_UNUSED_VARIABLE = YES;
				IPHONEOS_DEPLOYMENT_TARGET = 17.0;
				MTL_ENABLE_DEBUG_INFO = INCLUDE_SOURCE;
				MTL_FAST_MATH = YES;
				ONLY_ACTIVE_ARCH = YES;
				SDKROOT = iphoneos;
				SWIFT_ACTIVE_COMPILATION_CONDITIONS = DEBUG;
				SWIFT_OPTIMIZATION_LEVEL = "-Onone";
			};
			name = Debug;
		};
		7555FFA4242A565B00829871 /* Release */ = {
			isa = XCBuildConfiguration;
			buildSettings = {
				ALWAYS_SEARCH_USER_PATHS = NO;
				CLANG_ANALYZER_NONNULL = YES;
				CLANG_ANALYZER_NUMBER_OBJECT_CONVERSION = YES_AGGRESSIVE;
				CLANG_CXX_LANGUAGE_STANDARD = "gnu++14";
				CLANG_CXX_LIBRARY = "libc++";
				CLANG_ENABLE_MODULES = YES;
				CLANG_ENABLE_OBJC_ARC = YES;
				CLANG_ENABLE_OBJC_WEAK = YES;
				CLANG_WARN_BLOCK_CAPTURE_AUTORELEASING = YES;
				CLANG_WARN_BOOL_CONVERSION = YES;
				CLANG_WARN_COMMA = YES;
				CLANG_WARN_CONSTANT_CONVERSION = YES;
				CLANG_WARN_DEPRECATED_OBJC_IMPLEMENTATIONS = YES;
				CLANG_WARN_DIRECT_OBJC_ISA_USAGE = YES_ERROR;
				CLANG_WARN_DOCUMENTATION_COMMENTS = YES;
				CLANG_WARN_EMPTY_BODY = YES;
				CLANG_WARN_ENUM_CONVERSION = YES;
				CLANG_WARN_INFINITE_RECURSION = YES;
				CLANG_WARN_INT_CONVERSION = YES;
				CLANG_WARN_NON_LITERAL_NULL_CONVERSION = YES;
				CLANG_WARN_OBJC_IMPLICIT_RETAIN_SELF = YES;
				CLANG_WARN_OBJC_LITERAL_CONVERSION = YES;
				CLANG_WARN_OBJC_ROOT_CLASS = YES_ERROR;
				CLANG_WARN_QUOTED_INCLUDE_IN_FRAMEWORK_HEADER = YES;
				CLANG_WARN_RANGE_LOOP_ANALYSIS = YES;
				CLANG_WARN_STRICT_PROTOTYPES = YES;
				CLANG_WARN_SUSPICIOUS_MOVE = YES;
				CLANG_WARN_UNGUARDED_AVAILABILITY = YES_AGGRESSIVE;
				CLANG_WARN_UNREACHABLE_CODE = YES;
				CLANG_WARN__DUPLICATE_METHOD_MATCH = YES;
				COPY_PHASE_STRIP = NO;
				DEBUG_INFORMATION_FORMAT = "dwarf-with-dsym";
				ENABLE_NS_ASSERTIONS = NO;
				ENABLE_STRICT_OBJC_MSGSEND = YES;
				GCC_C_LANGUAGE_STANDARD = gnu11;
				GCC_NO_COMMON_BLOCKS = YES;
				GCC_WARN_64_TO_32_BIT_CONVERSION = YES;
				GCC_WARN_ABOUT_RETURN_TYPE = YES_ERROR;
				GCC_WARN_UNDECLARED_SELECTOR = YES;
				GCC_WARN_UNINITIALIZED_AUTOS = YES_AGGRESSIVE;
				GCC_WARN_UNUSED_FUNCTION = YES;
				GCC_WARN_UNUSED_VARIABLE = YES;
				IPHONEOS_DEPLOYMENT_TARGET = 17.0;
				MTL_ENABLE_DEBUG_INFO = NO;
				MTL_FAST_MATH = YES;
				SDKROOT = iphoneos;
				SWIFT_COMPILATION_MODE = wholemodule;
				SWIFT_OPTIMIZATION_LEVEL = "-O";
				VALIDATE_PRODUCT = YES;
			};
			name = Release;
		};
		7555FFA6242A565B00829871 /* Debug */ = {
			isa = XCBuildConfiguration;
			baseConfigurationReference = 53E083442FB459F30F6D46C2 /* Pods-iosApp.debug.xcconfig */;
			buildSettings = {
				ASSETCATALOG_COMPILER_APPICON_NAME = AppIcon;
				CODE_SIGN_STYLE = Automatic;
				CURRENT_PROJECT_VERSION = 1;
				DEVELOPMENT_ASSET_PATHS = "\"iosApp/Preview Content\"";
				DEVELOPMENT_TEAM = W8QZAGDKB9;
				ENABLE_PREVIEWS = YES;
				INFOPLIST_FILE = iosApp/Info.plist;
				INFOPLIST_KEY_CFBundleDisplayName = "Art Gallery";
				INFOPLIST_KEY_LSApplicationCategoryType = "public.app-category.photography";
				IPHONEOS_DEPLOYMENT_TARGET = 17.0;
				LD_RUNPATH_SEARCH_PATHS = (
					"$(inherited)",
					"@executable_path/Frameworks",
				);
				MARKETING_VERSION = 1;
				PRODUCT_BUNDLE_IDENTIFIER = dennismugambi.ArtGallery;
				PRODUCT_NAME = "$(TARGET_NAME)";
				SWIFT_VERSION = 5.0;
				TARGETED_DEVICE_FAMILY = "1,2";
			};
			name = Debug;
		};
		7555FFA7242A565B00829871 /* Release */ = {
			isa = XCBuildConfiguration;
			baseConfigurationReference = 459DA1C3E4339F824582B9DC /* Pods-iosApp.release.xcconfig */;
			buildSettings = {
				ASSETCATALOG_COMPILER_APPICON_NAME = AppIcon;
				CODE_SIGN_STYLE = Automatic;
				CURRENT_PROJECT_VERSION = 1;
				DEVELOPMENT_ASSET_PATHS = "\"iosApp/Preview Content\"";
				DEVELOPMENT_TEAM = W8QZAGDKB9;
				ENABLE_PREVIEWS = YES;
				INFOPLIST_FILE = iosApp/Info.plist;
				INFOPLIST_KEY_CFBundleDisplayName = "Art Gallery";
				INFOPLIST_KEY_LSApplicationCategoryType = "public.app-category.photography";
				IPHONEOS_DEPLOYMENT_TARGET = 17.0;
				LD_RUNPATH_SEARCH_PATHS = (
					"$(inherited)",
					"@executable_path/Frameworks",
				);
				MARKETING_VERSION = 1;
				PRODUCT_BUNDLE_IDENTIFIER = dennismugambi.ArtGallery;
				PRODUCT_NAME = "$(TARGET_NAME)";
				SWIFT_VERSION = 5.0;
				TARGETED_DEVICE_FAMILY = "1,2";
			};
			name = Release;
		};
/* End XCBuildConfiguration section */

/* Begin XCConfigurationList section */
		7555FF76242A565900829871 /* Build configuration list for PBXProject "iosApp" */ = {
			isa = XCConfigurationList;
			buildConfigurations = (
				7555FFA3242A565B00829871 /* Debug */,
				7555FFA4242A565B00829871 /* Release */,
			);
			defaultConfigurationIsVisible = 0;
			defaultConfigurationName = Release;
		};
		7555FFA5242A565B00829871 /* Build configuration list for PBXNativeTarget "iosApp" */ = {
			isa = XCConfigurationList;
			buildConfigurations = (
				7555FFA6242A565B00829871 /* Debug */,
				7555FFA7242A565B00829871 /* Release */,
			);
			defaultConfigurationIsVisible = 0;
			defaultConfigurationName = Release;
		};
/* End XCConfigurationList section */
	};
	rootObject = 7555FF73242A565900829871 /* Project object */;
}
